// !$*UTF8*$!
{
	archiveVersion = 1;
	classes = {
	};
	objectVersion = 46;
	objects = {

/* Begin PBXBuildFile section */
		7CCB594B1CD919F70088C6AF /* CoreDataStack.h in Headers */ = {isa = PBXBuildFile; fileRef = 7CCB594A1CD919F70088C6AF /* CoreDataStack.h */; settings = {ATTRIBUTES = (Public, ); }; };
		7CCB59621CD91A050088C6AF /* CoreDataStack.swift in Sources */ = {isa = PBXBuildFile; fileRef = 7CCB59611CD91A050088C6AF /* CoreDataStack.swift */; };
		7CCB599B1CD91C3A0088C6AF /* CoreDataStack.framework in Frameworks */ = {isa = PBXBuildFile; fileRef = 7CCB59911CD91C3A0088C6AF /* CoreDataStack.framework */; };
		7CCB59A81CD91D980088C6AF /* CoreDataStack.h in Headers */ = {isa = PBXBuildFile; fileRef = 7CCB594A1CD919F70088C6AF /* CoreDataStack.h */; settings = {ATTRIBUTES = (Public, ); }; };
		7CCB59A91CD91D9D0088C6AF /* CoreDataStack.h in Headers */ = {isa = PBXBuildFile; fileRef = 7CCB594A1CD919F70088C6AF /* CoreDataStack.h */; settings = {ATTRIBUTES = (Public, ); }; };
		7CCB59AA1CD91DA30088C6AF /* CoreDataStack.swift in Sources */ = {isa = PBXBuildFile; fileRef = 7CCB59611CD91A050088C6AF /* CoreDataStack.swift */; };
		7CCB59AB1CD91DA70088C6AF /* CoreDataStack.swift in Sources */ = {isa = PBXBuildFile; fileRef = 7CCB59611CD91A050088C6AF /* CoreDataStack.swift */; };
		7CCB59AC1CD91DAD0088C6AF /* CoreDataStack.swift in Sources */ = {isa = PBXBuildFile; fileRef = 7CCB59611CD91A050088C6AF /* CoreDataStack.swift */; };
		7CCB59AD1CD91DB00088C6AF /* CoreDataStack.h in Headers */ = {isa = PBXBuildFile; fileRef = 7CCB594A1CD919F70088C6AF /* CoreDataStack.h */; settings = {ATTRIBUTES = (Public, ); }; };
/* End PBXBuildFile section */

/* Begin PBXContainerItemProxy section */
		7CCB599C1CD91C3A0088C6AF /* PBXContainerItemProxy */ = {
			isa = PBXContainerItemProxy;
			containerPortal = 7CCB593E1CD919F70088C6AF /* Project object */;
			proxyType = 1;
			remoteGlobalIDString = 7CCB59901CD91C3A0088C6AF;
			remoteInfo = CoreDataStack;
		};
/* End PBXContainerItemProxy section */

/* Begin PBXFileReference section */
		7CCB59471CD919F70088C6AF /* CoreDataStack.framework */ = {isa = PBXFileReference; explicitFileType = wrapper.framework; includeInIndex = 0; path = CoreDataStack.framework; sourceTree = BUILT_PRODUCTS_DIR; };
		7CCB594A1CD919F70088C6AF /* CoreDataStack.h */ = {isa = PBXFileReference; lastKnownFileType = sourcecode.c.h; path = CoreDataStack.h; sourceTree = "<group>"; };
		7CCB594C1CD919F70088C6AF /* Info.plist */ = {isa = PBXFileReference; lastKnownFileType = text.plist.xml; path = Info.plist; sourceTree = "<group>"; };
		7CCB59611CD91A050088C6AF /* CoreDataStack.swift */ = {isa = PBXFileReference; fileEncoding = 4; lastKnownFileType = sourcecode.swift; path = CoreDataStack.swift; sourceTree = "<group>"; };
		7CCB59681CD91BC90088C6AF /* CoreDataStack.framework */ = {isa = PBXFileReference; explicitFileType = wrapper.framework; includeInIndex = 0; path = CoreDataStack.framework; sourceTree = BUILT_PRODUCTS_DIR; };
		7CCB59751CD91BDF0088C6AF /* CoreDataStack.framework */ = {isa = PBXFileReference; explicitFileType = wrapper.framework; includeInIndex = 0; path = CoreDataStack.framework; sourceTree = BUILT_PRODUCTS_DIR; };
		7CCB59911CD91C3A0088C6AF /* CoreDataStack.framework */ = {isa = PBXFileReference; explicitFileType = wrapper.framework; includeInIndex = 0; path = CoreDataStack.framework; sourceTree = BUILT_PRODUCTS_DIR; };
		7CCB599A1CD91C3A0088C6AF /* CoreDataStackTests.xctest */ = {isa = PBXFileReference; explicitFileType = wrapper.cfbundle; includeInIndex = 0; path = CoreDataStackTests.xctest; sourceTree = BUILT_PRODUCTS_DIR; };
/* End PBXFileReference section */

/* Begin PBXFrameworksBuildPhase section */
		7CCB59431CD919F70088C6AF /* Frameworks */ = {
			isa = PBXFrameworksBuildPhase;
			buildActionMask = 2147483647;
			files = (
			);
			runOnlyForDeploymentPostprocessing = 0;
		};
		7CCB59641CD91BC90088C6AF /* Frameworks */ = {
			isa = PBXFrameworksBuildPhase;
			buildActionMask = 2147483647;
			files = (
			);
			runOnlyForDeploymentPostprocessing = 0;
		};
		7CCB59711CD91BDF0088C6AF /* Frameworks */ = {
			isa = PBXFrameworksBuildPhase;
			buildActionMask = 2147483647;
			files = (
			);
			runOnlyForDeploymentPostprocessing = 0;
		};
		7CCB598D1CD91C3A0088C6AF /* Frameworks */ = {
			isa = PBXFrameworksBuildPhase;
			buildActionMask = 2147483647;
			files = (
			);
			runOnlyForDeploymentPostprocessing = 0;
		};
		7CCB59971CD91C3A0088C6AF /* Frameworks */ = {
			isa = PBXFrameworksBuildPhase;
			buildActionMask = 2147483647;
			files = (
				7CCB599B1CD91C3A0088C6AF /* CoreDataStack.framework in Frameworks */,
			);
			runOnlyForDeploymentPostprocessing = 0;
		};
/* End PBXFrameworksBuildPhase section */

/* Begin PBXGroup section */
		7CCB593D1CD919F70088C6AF = {
			isa = PBXGroup;
			children = (
				7CCB59491CD919F70088C6AF /* CoreDataStack */,
				7CCB59551CD919F70088C6AF /* CoreDataStackTests */,
				7CCB59481CD919F70088C6AF /* Products */,
			);
			sourceTree = "<group>";
		};
		7CCB59481CD919F70088C6AF /* Products */ = {
			isa = PBXGroup;
			children = (
				7CCB59471CD919F70088C6AF /* CoreDataStack.framework */,
				7CCB59681CD91BC90088C6AF /* CoreDataStack.framework */,
				7CCB59751CD91BDF0088C6AF /* CoreDataStack.framework */,
				7CCB59911CD91C3A0088C6AF /* CoreDataStack.framework */,
				7CCB599A1CD91C3A0088C6AF /* CoreDataStackTests.xctest */,
			);
			name = Products;
			sourceTree = "<group>";
		};
		7CCB59491CD919F70088C6AF /* CoreDataStack */ = {
			isa = PBXGroup;
			children = (
				7CCB594A1CD919F70088C6AF /* CoreDataStack.h */,
				7CCB59611CD91A050088C6AF /* CoreDataStack.swift */,
				7CCB594C1CD919F70088C6AF /* Info.plist */,
			);
			path = CoreDataStack;
			sourceTree = "<group>";
		};
		7CCB59551CD919F70088C6AF /* CoreDataStackTests */ = {
			isa = PBXGroup;
			children = (
			);
			path = CoreDataStackTests;
			sourceTree = "<group>";
		};
/* End PBXGroup section */

/* Begin PBXHeadersBuildPhase section */
		7CCB59441CD919F70088C6AF /* Headers */ = {
			isa = PBXHeadersBuildPhase;
			buildActionMask = 2147483647;
			files = (
				7CCB594B1CD919F70088C6AF /* CoreDataStack.h in Headers */,
			);
			runOnlyForDeploymentPostprocessing = 0;
		};
		7CCB59651CD91BC90088C6AF /* Headers */ = {
			isa = PBXHeadersBuildPhase;
			buildActionMask = 2147483647;
			files = (
				7CCB59A91CD91D9D0088C6AF /* CoreDataStack.h in Headers */,
			);
			runOnlyForDeploymentPostprocessing = 0;
		};
		7CCB59721CD91BDF0088C6AF /* Headers */ = {
			isa = PBXHeadersBuildPhase;
			buildActionMask = 2147483647;
			files = (
				7CCB59A81CD91D980088C6AF /* CoreDataStack.h in Headers */,
			);
			runOnlyForDeploymentPostprocessing = 0;
		};
		7CCB598E1CD91C3A0088C6AF /* Headers */ = {
			isa = PBXHeadersBuildPhase;
			buildActionMask = 2147483647;
			files = (
				7CCB59AD1CD91DB00088C6AF /* CoreDataStack.h in Headers */,
			);
			runOnlyForDeploymentPostprocessing = 0;
		};
/* End PBXHeadersBuildPhase section */

/* Begin PBXNativeTarget section */
		7CCB59461CD919F70088C6AF /* CoreDataStack-iOS */ = {
			isa = PBXNativeTarget;
			buildConfigurationList = 7CCB595B1CD919F70088C6AF /* Build configuration list for PBXNativeTarget "CoreDataStack-iOS" */;
			buildPhases = (
				7CCB59421CD919F70088C6AF /* Sources */,
				7CCB59431CD919F70088C6AF /* Frameworks */,
				7CCB59441CD919F70088C6AF /* Headers */,
				7CCB59451CD919F70088C6AF /* Resources */,
			);
			buildRules = (
			);
			dependencies = (
			);
			name = "CoreDataStack-iOS";
			productName = CoreDataStack;
			productReference = 7CCB59471CD919F70088C6AF /* CoreDataStack.framework */;
			productType = "com.apple.product-type.framework";
		};
		7CCB59671CD91BC90088C6AF /* CoreDataStack-watchOS */ = {
			isa = PBXNativeTarget;
			buildConfigurationList = 7CCB596D1CD91BC90088C6AF /* Build configuration list for PBXNativeTarget "CoreDataStack-watchOS" */;
			buildPhases = (
				7CCB59631CD91BC90088C6AF /* Sources */,
				7CCB59641CD91BC90088C6AF /* Frameworks */,
				7CCB59651CD91BC90088C6AF /* Headers */,
				7CCB59661CD91BC90088C6AF /* Resources */,
			);
			buildRules = (
			);
			dependencies = (
			);
			name = "CoreDataStack-watchOS";
			productName = "CoreDataStack-OSX";
			productReference = 7CCB59681CD91BC90088C6AF /* CoreDataStack.framework */;
			productType = "com.apple.product-type.framework";
		};
		7CCB59741CD91BDF0088C6AF /* CoreDataStack-tvOS */ = {
			isa = PBXNativeTarget;
			buildConfigurationList = 7CCB59861CD91BDF0088C6AF /* Build configuration list for PBXNativeTarget "CoreDataStack-tvOS" */;
			buildPhases = (
				7CCB59701CD91BDF0088C6AF /* Sources */,
				7CCB59711CD91BDF0088C6AF /* Frameworks */,
				7CCB59721CD91BDF0088C6AF /* Headers */,
				7CCB59731CD91BDF0088C6AF /* Resources */,
			);
			buildRules = (
			);
			dependencies = (
			);
			name = "CoreDataStack-tvOS";
			productName = CoreDataStack;
			productReference = 7CCB59751CD91BDF0088C6AF /* CoreDataStack.framework */;
			productType = "com.apple.product-type.framework";
		};
		7CCB59901CD91C3A0088C6AF /* CoreDataStack-OSX */ = {
			isa = PBXNativeTarget;
			buildConfigurationList = 7CCB59A21CD91C3A0088C6AF /* Build configuration list for PBXNativeTarget "CoreDataStack-OSX" */;
			buildPhases = (
				7CCB598C1CD91C3A0088C6AF /* Sources */,
				7CCB598D1CD91C3A0088C6AF /* Frameworks */,
				7CCB598E1CD91C3A0088C6AF /* Headers */,
				7CCB598F1CD91C3A0088C6AF /* Resources */,
			);
			buildRules = (
			);
			dependencies = (
			);
			name = "CoreDataStack-OSX";
			productName = CoreDataStack;
			productReference = 7CCB59911CD91C3A0088C6AF /* CoreDataStack.framework */;
			productType = "com.apple.product-type.framework";
		};
		7CCB59991CD91C3A0088C6AF /* CoreDataStackTests */ = {
			isa = PBXNativeTarget;
			buildConfigurationList = 7CCB59A51CD91C3A0088C6AF /* Build configuration list for PBXNativeTarget "CoreDataStackTests" */;
			buildPhases = (
				7CCB59961CD91C3A0088C6AF /* Sources */,
				7CCB59971CD91C3A0088C6AF /* Frameworks */,
				7CCB59981CD91C3A0088C6AF /* Resources */,
			);
			buildRules = (
			);
			dependencies = (
				7CCB599D1CD91C3A0088C6AF /* PBXTargetDependency */,
			);
			name = CoreDataStackTests;
			productName = CoreDataStackTests;
			productReference = 7CCB599A1CD91C3A0088C6AF /* CoreDataStackTests.xctest */;
			productType = "com.apple.product-type.bundle.unit-test";
		};
/* End PBXNativeTarget section */

/* Begin PBXProject section */
		7CCB593E1CD919F70088C6AF /* Project object */ = {
			isa = PBXProject;
			attributes = {
				LastSwiftUpdateCheck = 0730;
				LastUpgradeCheck = 0800;
				ORGANIZATIONNAME = Wellth;
				TargetAttributes = {
					7CCB59461CD919F70088C6AF = {
						CreatedOnToolsVersion = 7.3;
						LastSwiftMigration = 0800;
					};
					7CCB59671CD91BC90088C6AF = {
						CreatedOnToolsVersion = 7.3;
						LastSwiftMigration = 0800;
					};
					7CCB59741CD91BDF0088C6AF = {
						CreatedOnToolsVersion = 7.3;
						LastSwiftMigration = 0800;
					};
					7CCB59901CD91C3A0088C6AF = {
						CreatedOnToolsVersion = 7.3;
						LastSwiftMigration = 0800;
					};
					7CCB59991CD91C3A0088C6AF = {
						CreatedOnToolsVersion = 7.3;
					};
				};
			};
			buildConfigurationList = 7CCB59411CD919F70088C6AF /* Build configuration list for PBXProject "CoreDataStack" */;
			compatibilityVersion = "Xcode 3.2";
			developmentRegion = English;
			hasScannedForEncodings = 0;
			knownRegions = (
				en,
			);
			mainGroup = 7CCB593D1CD919F70088C6AF;
			productRefGroup = 7CCB59481CD919F70088C6AF /* Products */;
			projectDirPath = "";
			projectRoot = "";
			targets = (
				7CCB59461CD919F70088C6AF /* CoreDataStack-iOS */,
				7CCB59671CD91BC90088C6AF /* CoreDataStack-watchOS */,
				7CCB59741CD91BDF0088C6AF /* CoreDataStack-tvOS */,
				7CCB59901CD91C3A0088C6AF /* CoreDataStack-OSX */,
				7CCB59991CD91C3A0088C6AF /* CoreDataStackTests */,
			);
		};
/* End PBXProject section */

/* Begin PBXResourcesBuildPhase section */
		7CCB59451CD919F70088C6AF /* Resources */ = {
			isa = PBXResourcesBuildPhase;
			buildActionMask = 2147483647;
			files = (
			);
			runOnlyForDeploymentPostprocessing = 0;
		};
		7CCB59661CD91BC90088C6AF /* Resources */ = {
			isa = PBXResourcesBuildPhase;
			buildActionMask = 2147483647;
			files = (
			);
			runOnlyForDeploymentPostprocessing = 0;
		};
		7CCB59731CD91BDF0088C6AF /* Resources */ = {
			isa = PBXResourcesBuildPhase;
			buildActionMask = 2147483647;
			files = (
			);
			runOnlyForDeploymentPostprocessing = 0;
		};
		7CCB598F1CD91C3A0088C6AF /* Resources */ = {
			isa = PBXResourcesBuildPhase;
			buildActionMask = 2147483647;
			files = (
			);
			runOnlyForDeploymentPostprocessing = 0;
		};
		7CCB59981CD91C3A0088C6AF /* Resources */ = {
			isa = PBXResourcesBuildPhase;
			buildActionMask = 2147483647;
			files = (
			);
			runOnlyForDeploymentPostprocessing = 0;
		};
/* End PBXResourcesBuildPhase section */

/* Begin PBXSourcesBuildPhase section */
		7CCB59421CD919F70088C6AF /* Sources */ = {
			isa = PBXSourcesBuildPhase;
			buildActionMask = 2147483647;
			files = (
				7CCB59621CD91A050088C6AF /* CoreDataStack.swift in Sources */,
			);
			runOnlyForDeploymentPostprocessing = 0;
		};
		7CCB59631CD91BC90088C6AF /* Sources */ = {
			isa = PBXSourcesBuildPhase;
			buildActionMask = 2147483647;
			files = (
				7CCB59AA1CD91DA30088C6AF /* CoreDataStack.swift in Sources */,
			);
			runOnlyForDeploymentPostprocessing = 0;
		};
		7CCB59701CD91BDF0088C6AF /* Sources */ = {
			isa = PBXSourcesBuildPhase;
			buildActionMask = 2147483647;
			files = (
				7CCB59AB1CD91DA70088C6AF /* CoreDataStack.swift in Sources */,
			);
			runOnlyForDeploymentPostprocessing = 0;
		};
		7CCB598C1CD91C3A0088C6AF /* Sources */ = {
			isa = PBXSourcesBuildPhase;
			buildActionMask = 2147483647;
			files = (
				7CCB59AC1CD91DAD0088C6AF /* CoreDataStack.swift in Sources */,
			);
			runOnlyForDeploymentPostprocessing = 0;
		};
		7CCB59961CD91C3A0088C6AF /* Sources */ = {
			isa = PBXSourcesBuildPhase;
			buildActionMask = 2147483647;
			files = (
			);
			runOnlyForDeploymentPostprocessing = 0;
		};
/* End PBXSourcesBuildPhase section */

/* Begin PBXTargetDependency section */
		7CCB599D1CD91C3A0088C6AF /* PBXTargetDependency */ = {
			isa = PBXTargetDependency;
			target = 7CCB59901CD91C3A0088C6AF /* CoreDataStack-OSX */;
			targetProxy = 7CCB599C1CD91C3A0088C6AF /* PBXContainerItemProxy */;
		};
/* End PBXTargetDependency section */

/* Begin XCBuildConfiguration section */
		7CCB59591CD919F70088C6AF /* Debug */ = {
			isa = XCBuildConfiguration;
			buildSettings = {
				ALWAYS_SEARCH_USER_PATHS = NO;
				CLANG_ANALYZER_NONNULL = YES;
				CLANG_CXX_LANGUAGE_STANDARD = "gnu++0x";
				CLANG_CXX_LIBRARY = "libc++";
				CLANG_ENABLE_MODULES = YES;
				CLANG_ENABLE_OBJC_ARC = YES;
				CLANG_WARN_BOOL_CONVERSION = YES;
				CLANG_WARN_CONSTANT_CONVERSION = YES;
				CLANG_WARN_DIRECT_OBJC_ISA_USAGE = YES_ERROR;
				CLANG_WARN_EMPTY_BODY = YES;
				CLANG_WARN_ENUM_CONVERSION = YES;
				CLANG_WARN_INFINITE_RECURSION = YES;
				CLANG_WARN_INT_CONVERSION = YES;
				CLANG_WARN_OBJC_ROOT_CLASS = YES_ERROR;
				CLANG_WARN_SUSPICIOUS_MOVE = YES;
				CLANG_WARN_UNREACHABLE_CODE = YES;
				CLANG_WARN__DUPLICATE_METHOD_MATCH = YES;
				"CODE_SIGN_IDENTITY[sdk=iphoneos*]" = "iPhone Developer";
				COPY_PHASE_STRIP = NO;
				CURRENT_PROJECT_VERSION = 1;
				DEBUG_INFORMATION_FORMAT = dwarf;
				ENABLE_STRICT_OBJC_MSGSEND = YES;
				ENABLE_TESTABILITY = YES;
				GCC_C_LANGUAGE_STANDARD = gnu99;
				GCC_DYNAMIC_NO_PIC = NO;
				GCC_NO_COMMON_BLOCKS = YES;
				GCC_OPTIMIZATION_LEVEL = 0;
				GCC_PREPROCESSOR_DEFINITIONS = (
					"DEBUG=1",
					"$(inherited)",
				);
				GCC_WARN_64_TO_32_BIT_CONVERSION = YES;
				GCC_WARN_ABOUT_RETURN_TYPE = YES_ERROR;
				GCC_WARN_UNDECLARED_SELECTOR = YES;
				GCC_WARN_UNINITIALIZED_AUTOS = YES_AGGRESSIVE;
				GCC_WARN_UNUSED_FUNCTION = YES;
				GCC_WARN_UNUSED_VARIABLE = YES;
				IPHONEOS_DEPLOYMENT_TARGET = 8.0;
				MACOSX_DEPLOYMENT_TARGET = 10.10;
				MTL_ENABLE_DEBUG_INFO = YES;
				ONLY_ACTIVE_ARCH = YES;
				SDKROOT = iphoneos;
				SWIFT_OPTIMIZATION_LEVEL = "-Onone";
				TARGETED_DEVICE_FAMILY = "1,2";
				VERSIONING_SYSTEM = "apple-generic";
				VERSION_INFO_PREFIX = "";
			};
			name = Debug;
		};
		7CCB595A1CD919F70088C6AF /* Release */ = {
			isa = XCBuildConfiguration;
			buildSettings = {
				ALWAYS_SEARCH_USER_PATHS = NO;
				CLANG_ANALYZER_NONNULL = YES;
				CLANG_CXX_LANGUAGE_STANDARD = "gnu++0x";
				CLANG_CXX_LIBRARY = "libc++";
				CLANG_ENABLE_MODULES = YES;
				CLANG_ENABLE_OBJC_ARC = YES;
				CLANG_WARN_BOOL_CONVERSION = YES;
				CLANG_WARN_CONSTANT_CONVERSION = YES;
				CLANG_WARN_DIRECT_OBJC_ISA_USAGE = YES_ERROR;
				CLANG_WARN_EMPTY_BODY = YES;
				CLANG_WARN_ENUM_CONVERSION = YES;
				CLANG_WARN_INFINITE_RECURSION = YES;
				CLANG_WARN_INT_CONVERSION = YES;
				CLANG_WARN_OBJC_ROOT_CLASS = YES_ERROR;
				CLANG_WARN_SUSPICIOUS_MOVE = YES;
				CLANG_WARN_UNREACHABLE_CODE = YES;
				CLANG_WARN__DUPLICATE_METHOD_MATCH = YES;
				"CODE_SIGN_IDENTITY[sdk=iphoneos*]" = "iPhone Developer";
				COPY_PHASE_STRIP = NO;
				CURRENT_PROJECT_VERSION = 1;
				DEBUG_INFORMATION_FORMAT = "dwarf-with-dsym";
				ENABLE_NS_ASSERTIONS = NO;
				ENABLE_STRICT_OBJC_MSGSEND = YES;
				GCC_C_LANGUAGE_STANDARD = gnu99;
				GCC_NO_COMMON_BLOCKS = YES;
				GCC_WARN_64_TO_32_BIT_CONVERSION = YES;
				GCC_WARN_ABOUT_RETURN_TYPE = YES_ERROR;
				GCC_WARN_UNDECLARED_SELECTOR = YES;
				GCC_WARN_UNINITIALIZED_AUTOS = YES_AGGRESSIVE;
				GCC_WARN_UNUSED_FUNCTION = YES;
				GCC_WARN_UNUSED_VARIABLE = YES;
				IPHONEOS_DEPLOYMENT_TARGET = 8.0;
				MACOSX_DEPLOYMENT_TARGET = 10.10;
				MTL_ENABLE_DEBUG_INFO = NO;
				SDKROOT = iphoneos;
				SWIFT_OPTIMIZATION_LEVEL = "-Owholemodule";
				TARGETED_DEVICE_FAMILY = "1,2";
				VALIDATE_PRODUCT = YES;
				VERSIONING_SYSTEM = "apple-generic";
				VERSION_INFO_PREFIX = "";
			};
			name = Release;
		};
		7CCB595C1CD919F70088C6AF /* Debug */ = {
			isa = XCBuildConfiguration;
			buildSettings = {
				CLANG_ENABLE_MODULES = YES;
				"CODE_SIGN_IDENTITY[sdk=iphoneos*]" = "";
				DEFINES_MODULE = YES;
				DYLIB_COMPATIBILITY_VERSION = 1;
				DYLIB_CURRENT_VERSION = 1;
				DYLIB_INSTALL_NAME_BASE = "@rpath";
				INFOPLIST_FILE = CoreDataStack/Info.plist;
				INSTALL_PATH = "$(LOCAL_LIBRARY_DIR)/Frameworks";
				LD_RUNPATH_SEARCH_PATHS = "$(inherited) @executable_path/Frameworks @loader_path/Frameworks";
				PRODUCT_BUNDLE_IDENTIFIER = com.wellth.CoreDataStack;
				PRODUCT_NAME = CoreDataStack;
				SKIP_INSTALL = YES;
				SWIFT_OPTIMIZATION_LEVEL = "-Onone";
				SWIFT_VERSION = 3.0;
			};
			name = Debug;
		};
		7CCB595D1CD919F70088C6AF /* Release */ = {
			isa = XCBuildConfiguration;
			buildSettings = {
				CLANG_ENABLE_MODULES = YES;
				"CODE_SIGN_IDENTITY[sdk=iphoneos*]" = "";
				DEFINES_MODULE = YES;
				DYLIB_COMPATIBILITY_VERSION = 1;
				DYLIB_CURRENT_VERSION = 1;
				DYLIB_INSTALL_NAME_BASE = "@rpath";
				INFOPLIST_FILE = CoreDataStack/Info.plist;
				INSTALL_PATH = "$(LOCAL_LIBRARY_DIR)/Frameworks";
				LD_RUNPATH_SEARCH_PATHS = "$(inherited) @executable_path/Frameworks @loader_path/Frameworks";
				PRODUCT_BUNDLE_IDENTIFIER = com.wellth.CoreDataStack;
				PRODUCT_NAME = CoreDataStack;
				SKIP_INSTALL = YES;
				SWIFT_VERSION = 3.0;
			};
			name = Release;
		};
		7CCB596E1CD91BC90088C6AF /* Debug */ = {
			isa = XCBuildConfiguration;
			buildSettings = {
				APPLICATION_EXTENSION_API_ONLY = YES;
				"CODE_SIGN_IDENTITY[sdk=watchos*]" = "";
				DEFINES_MODULE = YES;
				DYLIB_COMPATIBILITY_VERSION = 1;
				DYLIB_CURRENT_VERSION = 1;
				DYLIB_INSTALL_NAME_BASE = "@rpath";
				INFOPLIST_FILE = CoreDataStack/Info.plist;
				INSTALL_PATH = "$(LOCAL_LIBRARY_DIR)/Frameworks";
				LD_RUNPATH_SEARCH_PATHS = "$(inherited) @executable_path/Frameworks @loader_path/Frameworks";
				PRODUCT_BUNDLE_IDENTIFIER = "com.wellth.CoreDataStack-OSX";
				PRODUCT_NAME = CoreDataStack;
				SDKROOT = watchos;
				SKIP_INSTALL = YES;
				SWIFT_VERSION = 3.0;
				TARGETED_DEVICE_FAMILY = 4;
				WATCHOS_DEPLOYMENT_TARGET = 2.2;
			};
			name = Debug;
		};
		7CCB596F1CD91BC90088C6AF /* Release */ = {
			isa = XCBuildConfiguration;
			buildSettings = {
				APPLICATION_EXTENSION_API_ONLY = YES;
				"CODE_SIGN_IDENTITY[sdk=watchos*]" = "";
				DEFINES_MODULE = YES;
				DYLIB_COMPATIBILITY_VERSION = 1;
				DYLIB_CURRENT_VERSION = 1;
				DYLIB_INSTALL_NAME_BASE = "@rpath";
				INFOPLIST_FILE = CoreDataStack/Info.plist;
				INSTALL_PATH = "$(LOCAL_LIBRARY_DIR)/Frameworks";
				LD_RUNPATH_SEARCH_PATHS = "$(inherited) @executable_path/Frameworks @loader_path/Frameworks";
				PRODUCT_BUNDLE_IDENTIFIER = "com.wellth.CoreDataStack-OSX";
				PRODUCT_NAME = CoreDataStack;
				SDKROOT = watchos;
				SKIP_INSTALL = YES;
				SWIFT_VERSION = 3.0;
				TARGETED_DEVICE_FAMILY = 4;
				WATCHOS_DEPLOYMENT_TARGET = 2.2;
			};
			name = Release;
		};
		7CCB59871CD91BDF0088C6AF /* Debug */ = {
			isa = XCBuildConfiguration;
			buildSettings = {
				"CODE_SIGN_IDENTITY[sdk=appletvos*]" = "";
				DEFINES_MODULE = YES;
				DYLIB_COMPATIBILITY_VERSION = 1;
				DYLIB_CURRENT_VERSION = 1;
				DYLIB_INSTALL_NAME_BASE = "@rpath";
				INFOPLIST_FILE = CoreDataStack/Info.plist;
				INSTALL_PATH = "$(LOCAL_LIBRARY_DIR)/Frameworks";
				LD_RUNPATH_SEARCH_PATHS = "$(inherited) @executable_path/Frameworks @loader_path/Frameworks";
				PRODUCT_BUNDLE_IDENTIFIER = com.wellth.CoreDataStack;
				PRODUCT_NAME = CoreDataStack;
				SDKROOT = appletvos;
				SKIP_INSTALL = YES;
				SWIFT_VERSION = 3.0;
				TARGETED_DEVICE_FAMILY = 3;
				TVOS_DEPLOYMENT_TARGET = 9.2;
			};
			name = Debug;
		};
		7CCB59881CD91BDF0088C6AF /* Release */ = {
			isa = XCBuildConfiguration;
			buildSettings = {
				"CODE_SIGN_IDENTITY[sdk=appletvos*]" = "";
				DEFINES_MODULE = YES;
				DYLIB_COMPATIBILITY_VERSION = 1;
				DYLIB_CURRENT_VERSION = 1;
				DYLIB_INSTALL_NAME_BASE = "@rpath";
				INFOPLIST_FILE = CoreDataStack/Info.plist;
				INSTALL_PATH = "$(LOCAL_LIBRARY_DIR)/Frameworks";
				LD_RUNPATH_SEARCH_PATHS = "$(inherited) @executable_path/Frameworks @loader_path/Frameworks";
				PRODUCT_BUNDLE_IDENTIFIER = com.wellth.CoreDataStack;
				PRODUCT_NAME = CoreDataStack;
				SDKROOT = appletvos;
				SKIP_INSTALL = YES;
				SWIFT_VERSION = 3.0;
				TARGETED_DEVICE_FAMILY = 3;
				TVOS_DEPLOYMENT_TARGET = 9.2;
			};
			name = Release;
		};
		7CCB59A31CD91C3A0088C6AF /* Debug */ = {
			isa = XCBuildConfiguration;
			buildSettings = {
				CODE_SIGN_IDENTITY = "";
				COMBINE_HIDPI_IMAGES = YES;
				DEFINES_MODULE = YES;
				DYLIB_COMPATIBILITY_VERSION = 1;
				DYLIB_CURRENT_VERSION = 1;
				DYLIB_INSTALL_NAME_BASE = "@rpath";
				FRAMEWORK_VERSION = A;
				INFOPLIST_FILE = CoreDataStack/Info.plist;
				INSTALL_PATH = "$(LOCAL_LIBRARY_DIR)/Frameworks";
				LD_RUNPATH_SEARCH_PATHS = "$(inherited) @executable_path/../Frameworks @loader_path/Frameworks";
				MACOSX_DEPLOYMENT_TARGET = 10.11;
				PRODUCT_BUNDLE_IDENTIFIER = com.wellth.CoreDataStack;
				PRODUCT_NAME = CoreDataStack;
				SDKROOT = macosx;
				SKIP_INSTALL = YES;
				SWIFT_VERSION = 3.0;
			};
			name = Debug;
		};
		7CCB59A41CD91C3A0088C6AF /* Release */ = {
			isa = XCBuildConfiguration;
			buildSettings = {
				CODE_SIGN_IDENTITY = "";
				COMBINE_HIDPI_IMAGES = YES;
				DEFINES_MODULE = YES;
				DYLIB_COMPATIBILITY_VERSION = 1;
				DYLIB_CURRENT_VERSION = 1;
				DYLIB_INSTALL_NAME_BASE = "@rpath";
				FRAMEWORK_VERSION = A;
				INFOPLIST_FILE = CoreDataStack/Info.plist;
				INSTALL_PATH = "$(LOCAL_LIBRARY_DIR)/Frameworks";
				LD_RUNPATH_SEARCH_PATHS = "$(inherited) @executable_path/../Frameworks @loader_path/Frameworks";
				MACOSX_DEPLOYMENT_TARGET = 10.11;
				PRODUCT_BUNDLE_IDENTIFIER = com.wellth.CoreDataStack;
				PRODUCT_NAME = CoreDataStack;
				SDKROOT = macosx;
				SKIP_INSTALL = YES;
				SWIFT_VERSION = 3.0;
			};
			name = Release;
		};
		7CCB59A61CD91C3A0088C6AF /* Debug */ = {
			isa = XCBuildConfiguration;
			buildSettings = {
				CODE_SIGN_IDENTITY = "-";
				COMBINE_HIDPI_IMAGES = YES;
				INFOPLIST_FILE = CoreDataStackTests/Info.plist;
				LD_RUNPATH_SEARCH_PATHS = "$(inherited) @executable_path/../Frameworks @loader_path/../Frameworks";
				MACOSX_DEPLOYMENT_TARGET = 10.11;
				PRODUCT_BUNDLE_IDENTIFIER = com.wellth.CoreDataStackTests;
				PRODUCT_NAME = "$(TARGET_NAME)";
				SDKROOT = macosx;
			};
			name = Debug;
		};
		7CCB59A71CD91C3A0088C6AF /* Release */ = {
			isa = XCBuildConfiguration;
			buildSettings = {
				CODE_SIGN_IDENTITY = "-";
				COMBINE_HIDPI_IMAGES = YES;
				INFOPLIST_FILE = CoreDataStackTests/Info.plist;
				LD_RUNPATH_SEARCH_PATHS = "$(inherited) @executable_path/../Frameworks @loader_path/../Frameworks";
				MACOSX_DEPLOYMENT_TARGET = 10.11;
				PRODUCT_BUNDLE_IDENTIFIER = com.wellth.CoreDataStackTests;
				PRODUCT_NAME = "$(TARGET_NAME)";
				SDKROOT = macosx;
			};
			name = Release;
		};
/* End XCBuildConfiguration section */

/* Begin XCConfigurationList section */
		7CCB59411CD919F70088C6AF /* Build configuration list for PBXProject "CoreDataStack" */ = {
			isa = XCConfigurationList;
			buildConfigurations = (
				7CCB59591CD919F70088C6AF /* Debug */,
				7CCB595A1CD919F70088C6AF /* Release */,
			);
			defaultConfigurationIsVisible = 0;
			defaultConfigurationName = Release;
		};
		7CCB595B1CD919F70088C6AF /* Build configuration list for PBXNativeTarget "CoreDataStack-iOS" */ = {
			isa = XCConfigurationList;
			buildConfigurations = (
				7CCB595C1CD919F70088C6AF /* Debug */,
				7CCB595D1CD919F70088C6AF /* Release */,
			);
			defaultConfigurationIsVisible = 0;
			defaultConfigurationName = Release;
		};
		7CCB596D1CD91BC90088C6AF /* Build configuration list for PBXNativeTarget "CoreDataStack-watchOS" */ = {
			isa = XCConfigurationList;
			buildConfigurations = (
				7CCB596E1CD91BC90088C6AF /* Debug */,
				7CCB596F1CD91BC90088C6AF /* Release */,
			);
			defaultConfigurationIsVisible = 0;
			defaultConfigurationName = Release;
		};
		7CCB59861CD91BDF0088C6AF /* Build configuration list for PBXNativeTarget "CoreDataStack-tvOS" */ = {
			isa = XCConfigurationList;
			buildConfigurations = (
				7CCB59871CD91BDF0088C6AF /* Debug */,
				7CCB59881CD91BDF0088C6AF /* Release */,
			);
			defaultConfigurationIsVisible = 0;
			defaultConfigurationName = Release;
		};
		7CCB59A21CD91C3A0088C6AF /* Build configuration list for PBXNativeTarget "CoreDataStack-OSX" */ = {
			isa = XCConfigurationList;
			buildConfigurations = (
				7CCB59A31CD91C3A0088C6AF /* Debug */,
				7CCB59A41CD91C3A0088C6AF /* Release */,
			);
			defaultConfigurationIsVisible = 0;
			defaultConfigurationName = Release;
		};
		7CCB59A51CD91C3A0088C6AF /* Build configuration list for PBXNativeTarget "CoreDataStackTests" */ = {
			isa = XCConfigurationList;
			buildConfigurations = (
				7CCB59A61CD91C3A0088C6AF /* Debug */,
				7CCB59A71CD91C3A0088C6AF /* Release */,
			);
			defaultConfigurationIsVisible = 0;
			defaultConfigurationName = Release;
		};
/* End XCConfigurationList section */
	};
	rootObject = 7CCB593E1CD919F70088C6AF /* Project object */;
}
